Microsoft Visual Studio Solution File, Format Version 12.00
Project("{FAE04EC0-301F-11D3-BF4B-00C04F79EFBC}") = "VeterinaryClinicDatabaseApi.Service", "VeterinaryClinicDatabaseApi.Service\VeterinaryClinicDatabaseApi.Service.csproj", "{CACE3713-98CB-4DB0-85C8-7A4452AAC56A}"
EndProject
Global
	GlobalSection(SolutionConfigurationPlatforms) = preSolution
		Debug|Any CPU = Debug|Any CPU
		Release|Any CPU = Release|Any CPU
	EndGlobalSection
	GlobalSection(ProjectConfigurationPlatforms) = postSolution
		{CACE3713-98CB-4DB0-85C8-7A4452AAC56A}.Debug|Any CPU.ActiveCfg = Debug|Any CPU
		{CACE3713-98CB-4DB0-85C8-7A4452AAC56A}.Debug|Any CPU.Build.0 = Debug|Any CPU
		{CACE3713-98CB-4DB0-85C8-7A4452AAC56A}.Release|Any CPU.ActiveCfg = Release|Any CPU
		{CACE3713-98CB-4DB0-85C8-7A4452AAC56A}.Release|Any CPU.Build.0 = Release|Any CPU
	EndGlobalSection
EndGlobal